
Microsoft Visual Studio Solution File, Format Version 12.00
# Visual Studio Version 17
VisualStudioVersion = 17.7.34031.279
MinimumVisualStudioVersion = 10.0.40219.1
Project("{FAE04EC0-301F-11D3-BF4B-00C04F79EFBC}") = "Habitraca", "Habitraca\Habitraca.csproj", "{1C8EBF17-47EE-4E42-BBEE-2EC75E17E826}"
EndProject
Global
	GlobalSection(SolutionConfigurationPlatforms) = preSolution
		Debug|Any CPU = Debug|Any CPU
		Release|Any CPU = Release|Any CPU
	EndGlobalSection
	GlobalSection(ProjectConfigurationPlatforms) = postSolution
		{1C8EBF17-47EE-4E42-BBEE-2EC75E17E826}.Debug|Any CPU.ActiveCfg = Debug|Any CPU
		{1C8EBF17-47EE-4E42-BBEE-2EC75E17E826}.Debug|Any CPU.Build.0 = Debug|Any CPU
		{1C8EBF17-47EE-4E42-BBEE-2EC75E17E826}.Release|Any CPU.ActiveCfg = Release|Any CPU
		{1C8EBF17-47EE-4E42-BBEE-2EC75E17E826}.Release|Any CPU.Build.0 = Release|Any CPU
	EndGlobalSection
	GlobalSection(SolutionProperties) = preSolution
		HideSolutionNode = FALSE
	EndGlobalSection
	GlobalSection(ExtensibilityGlobals) = postSolution
		SolutionGuid = {B3510FA3-F0A4-4E95-AEFE-BFEDAFB646F5}
	EndGlobalSection
EndGlobal
